
Microsoft Visual Studio Solution File, Format Version 12.00
# Visual Studio 2012
Project("{FAE04EC0-301F-11D3-BF4B-00C04F79EFBC}") = "FirebaseRemoteConfigSample.Android", "FirebaseRemoteConfigSample.Android\FirebaseRemoteConfigSample.Android.csproj", "{413C0A70-0AF0-4B4B-8058-89E4E400005B}"
EndProject
Project("{FAE04EC0-301F-11D3-BF4B-00C04F79EFBC}") = "FirebaseRemoteConfigSample.iOS", "FirebaseRemoteConfigSample.iOS\FirebaseRemoteConfigSample.iOS.csproj", "{15C381F7-EC0F-4C76-93FD-8F116467F093}"
EndProject
Project("{FAE04EC0-301F-11D3-BF4B-00C04F79EFBC}") = "FirebaseRemoteConfigSample", "FirebaseRemoteConfigSample\FirebaseRemoteConfigSample.csproj", "{36273245-7627-4352-95B0-088A6174A3A2}"
EndProject
Project("{FAE04EC0-301F-11D3-BF4B-00C04F79EFBC}") = "Xamarin.Plugin.Firebase.RemoteConfig.Abstractions", "..\Xamarin.Plugin.Firebase.RemoteConfig.Abstractions\Xamarin.Plugin.Firebase.RemoteConfig.Abstractions.csproj", "{73C73890-BA39-42F2-83CC-E3B45227C1BA}"
EndProject
Project("{FAE04EC0-301F-11D3-BF4B-00C04F79EFBC}") = "Xamarin.Plugin.Firebase.RemoteConfig.iOS", "..\Xamarin.Plugin.Firebase.RemoteConfig.iOS\Xamarin.Plugin.Firebase.RemoteConfig.iOS.csproj", "{40B1BC49-8BBB-410E-861E-4110A9C54829}"
EndProject
Project("{FAE04EC0-301F-11D3-BF4B-00C04F79EFBC}") = "Xamarin.Plugin.Firebase.RemoteConfig.Android", "..\Xamarin.Plugin.Firebase.RemoteConfig.Android\Xamarin.Plugin.Firebase.RemoteConfig.Android.csproj", "{549FD25A-F9EA-4806-AD0B-A39B5998DD15}"
EndProject
Project("{FAE04EC0-301F-11D3-BF4B-00C04F79EFBC}") = "Xamarin.Plugin.Firebase.RemoteConfig", "..\Xamarin.Plugin.Firebase.RemoteConfig\Xamarin.Plugin.Firebase.RemoteConfig.csproj", "{BAC16F4A-1100-4BF5-AC0A-65206C908753}"
EndProject
Global
	GlobalSection(SolutionConfigurationPlatforms) = preSolution
		Debug|Any CPU = Debug|Any CPU
		Release|Any CPU = Release|Any CPU
		Debug|iPhoneSimulator = Debug|iPhoneSimulator
		Release|iPhoneSimulator = Release|iPhoneSimulator
		Debug|iPhone = Debug|iPhone
		Release|iPhone = Release|iPhone
		Ad-Hoc|iPhone = Ad-Hoc|iPhone
		AppStore|iPhone = AppStore|iPhone
	EndGlobalSection
	GlobalSection(ProjectConfigurationPlatforms) = postSolution
		{413C0A70-0AF0-4B4B-8058-89E4E400005B}.Debug|Any CPU.ActiveCfg = Debug|Any CPU
		{413C0A70-0AF0-4B4B-8058-89E4E400005B}.Debug|Any CPU.Build.0 = Debug|Any CPU
		{413C0A70-0AF0-4B4B-8058-89E4E400005B}.Release|Any CPU.ActiveCfg = Release|Any CPU
		{413C0A70-0AF0-4B4B-8058-89E4E400005B}.Release|Any CPU.Build.0 = Release|Any CPU
		{413C0A70-0AF0-4B4B-8058-89E4E400005B}.Debug|iPhoneSimulator.ActiveCfg = Debug|Any CPU
		{413C0A70-0AF0-4B4B-8058-89E4E400005B}.Debug|iPhoneSimulator.Build.0 = Debug|Any CPU
		{413C0A70-0AF0-4B4B-8058-89E4E400005B}.Release|iPhoneSimulator.ActiveCfg = Release|Any CPU
		{413C0A70-0AF0-4B4B-8058-89E4E400005B}.Release|iPhoneSimulator.Build.0 = Release|Any CPU
		{413C0A70-0AF0-4B4B-8058-89E4E400005B}.Debug|iPhone.ActiveCfg = Debug|Any CPU
		{413C0A70-0AF0-4B4B-8058-89E4E400005B}.Debug|iPhone.Build.0 = Debug|Any CPU
		{413C0A70-0AF0-4B4B-8058-89E4E400005B}.Release|iPhone.ActiveCfg = Release|Any CPU
		{413C0A70-0AF0-4B4B-8058-89E4E400005B}.Release|iPhone.Build.0 = Release|Any CPU
		{413C0A70-0AF0-4B4B-8058-89E4E400005B}.Ad-Hoc|iPhone.ActiveCfg = Debug|Any CPU
		{413C0A70-0AF0-4B4B-8058-89E4E400005B}.Ad-Hoc|iPhone.Build.0 = Debug|Any CPU
		{413C0A70-0AF0-4B4B-8058-89E4E400005B}.AppStore|iPhone.ActiveCfg = Debug|Any CPU
		{413C0A70-0AF0-4B4B-8058-89E4E400005B}.AppStore|iPhone.Build.0 = Debug|Any CPU
		{15C381F7-EC0F-4C76-93FD-8F116467F093}.Debug|Any CPU.ActiveCfg = Debug|iPhoneSimulator
		{15C381F7-EC0F-4C76-93FD-8F116467F093}.Debug|Any CPU.Build.0 = Debug|iPhoneSimulator
		{15C381F7-EC0F-4C76-93FD-8F116467F093}.Release|Any CPU.ActiveCfg = Release|iPhoneSimulator
		{15C381F7-EC0F-4C76-93FD-8F116467F093}.Release|Any CPU.Build.0 = Release|iPhoneSimulator
		{15C381F7-EC0F-4C76-93FD-8F116467F093}.Debug|iPhoneSimulator.ActiveCfg = Debug|iPhoneSimulator
		{15C381F7-EC0F-4C76-93FD-8F116467F093}.Debug|iPhoneSimulator.Build.0 = Debug|iPhoneSimulator
		{15C381F7-EC0F-4C76-93FD-8F116467F093}.Release|iPhoneSimulator.ActiveCfg = Release|iPhoneSimulator
		{15C381F7-EC0F-4C76-93FD-8F116467F093}.Release|iPhoneSimulator.Build.0 = Release|iPhoneSimulator
		{15C381F7-EC0F-4C76-93FD-8F116467F093}.Debug|iPhone.ActiveCfg = Debug|iPhone
		{15C381F7-EC0F-4C76-93FD-8F116467F093}.Debug|iPhone.Build.0 = Debug|iPhone
		{15C381F7-EC0F-4C76-93FD-8F116467F093}.Release|iPhone.ActiveCfg = Release|iPhone
		{15C381F7-EC0F-4C76-93FD-8F116467F093}.Release|iPhone.Build.0 = Release|iPhone
		{15C381F7-EC0F-4C76-93FD-8F116467F093}.Ad-Hoc|iPhone.ActiveCfg = Ad-Hoc|iPhone
		{15C381F7-EC0F-4C76-93FD-8F116467F093}.Ad-Hoc|iPhone.Build.0 = Ad-Hoc|iPhone
		{15C381F7-EC0F-4C76-93FD-8F116467F093}.AppStore|iPhone.ActiveCfg = AppStore|iPhone
		{15C381F7-EC0F-4C76-93FD-8F116467F093}.AppStore|iPhone.Build.0 = AppStore|iPhone
		{36273245-7627-4352-95B0-088A6174A3A2}.Debug|Any CPU.ActiveCfg = Debug|Any CPU
		{36273245-7627-4352-95B0-088A6174A3A2}.Debug|Any CPU.Build.0 = Debug|Any CPU
		{36273245-7627-4352-95B0-088A6174A3A2}.Release|Any CPU.ActiveCfg = Release|Any CPU
		{36273245-7627-4352-95B0-088A6174A3A2}.Release|Any CPU.Build.0 = Release|Any CPU
		{36273245-7627-4352-95B0-088A6174A3A2}.Debug|iPhoneSimulator.ActiveCfg = Debug|Any CPU
		{36273245-7627-4352-95B0-088A6174A3A2}.Debug|iPhoneSimulator.Build.0 = Debug|Any CPU
		{36273245-7627-4352-95B0-088A6174A3A2}.Release|iPhoneSimulator.ActiveCfg = Release|Any CPU
		{36273245-7627-4352-95B0-088A6174A3A2}.Release|iPhoneSimulator.Build.0 = Release|Any CPU
		{36273245-7627-4352-95B0-088A6174A3A2}.Debug|iPhone.ActiveCfg = Debug|Any CPU
		{36273245-7627-4352-95B0-088A6174A3A2}.Debug|iPhone.Build.0 = Debug|Any CPU
		{36273245-7627-4352-95B0-088A6174A3A2}.Release|iPhone.ActiveCfg = Release|Any CPU
		{36273245-7627-4352-95B0-088A6174A3A2}.Release|iPhone.Build.0 = Release|Any CPU
		{36273245-7627-4352-95B0-088A6174A3A2}.Ad-Hoc|iPhone.ActiveCfg = Debug|Any CPU
		{36273245-7627-4352-95B0-088A6174A3A2}.Ad-Hoc|iPhone.Build.0 = Debug|Any CPU
		{36273245-7627-4352-95B0-088A6174A3A2}.AppStore|iPhone.ActiveCfg = Debug|Any CPU
		{36273245-7627-4352-95B0-088A6174A3A2}.AppStore|iPhone.Build.0 = Debug|Any CPU
		{73C73890-BA39-42F2-83CC-E3B45227C1BA}.Debug|Any CPU.ActiveCfg = Debug|Any CPU
		{73C73890-BA39-42F2-83CC-E3B45227C1BA}.Debug|Any CPU.Build.0 = Debug|Any CPU
		{73C73890-BA39-42F2-83CC-E3B45227C1BA}.Release|Any CPU.ActiveCfg = Release|Any CPU
		{73C73890-BA39-42F2-83CC-E3B45227C1BA}.Release|Any CPU.Build.0 = Release|Any CPU
		{73C73890-BA39-42F2-83CC-E3B45227C1BA}.Debug|iPhoneSimulator.ActiveCfg = Debug|Any CPU
		{73C73890-BA39-42F2-83CC-E3B45227C1BA}.Debug|iPhoneSimulator.Build.0 = Debug|Any CPU
		{73C73890-BA39-42F2-83CC-E3B45227C1BA}.Release|iPhoneSimulator.ActiveCfg = Release|Any CPU
		{73C73890-BA39-42F2-83CC-E3B45227C1BA}.Release|iPhoneSimulator.Build.0 = Release|Any CPU
		{73C73890-BA39-42F2-83CC-E3B45227C1BA}.Debug|iPhone.ActiveCfg = Debug|Any CPU
		{73C73890-BA39-42F2-83CC-E3B45227C1BA}.Debug|iPhone.Build.0 = Debug|Any CPU
		{73C73890-BA39-42F2-83CC-E3B45227C1BA}.Release|iPhone.ActiveCfg = Release|Any CPU
		{73C73890-BA39-42F2-83CC-E3B45227C1BA}.Release|iPhone.Build.0 = Release|Any CPU
		{73C73890-BA39-42F2-83CC-E3B45227C1BA}.Ad-Hoc|iPhone.ActiveCfg = Debug|Any CPU
		{73C73890-BA39-42F2-83CC-E3B45227C1BA}.Ad-Hoc|iPhone.Build.0 = Debug|Any CPU
		{73C73890-BA39-42F2-83CC-E3B45227C1BA}.AppStore|iPhone.ActiveCfg = Debug|Any CPU
		{73C73890-BA39-42F2-83CC-E3B45227C1BA}.AppStore|iPhone.Build.0 = Debug|Any CPU
		{40B1BC49-8BBB-410E-861E-4110A9C54829}.Debug|Any CPU.ActiveCfg = Debug|Any CPU
		{40B1BC49-8BBB-410E-861E-4110A9C54829}.Debug|Any CPU.Build.0 = Debug|Any CPU
		{40B1BC49-8BBB-410E-861E-4110A9C54829}.Release|Any CPU.ActiveCfg = Release|Any CPU
		{40B1BC49-8BBB-410E-861E-4110A9C54829}.Release|Any CPU.Build.0 = Release|Any CPU
		{40B1BC49-8BBB-410E-861E-4110A9C54829}.Debug|iPhoneSimulator.ActiveCfg = Debug|Any CPU
		{40B1BC49-8BBB-410E-861E-4110A9C54829}.Debug|iPhoneSimulator.Build.0 = Debug|Any CPU
		{40B1BC49-8BBB-410E-861E-4110A9C54829}.Release|iPhoneSimulator.ActiveCfg = Release|Any CPU
		{40B1BC49-8BBB-410E-861E-4110A9C54829}.Release|iPhoneSimulator.Build.0 = Release|Any CPU
		{40B1BC49-8BBB-410E-861E-4110A9C54829}.Debug|iPhone.ActiveCfg = Debug|Any CPU
		{40B1BC49-8BBB-410E-861E-4110A9C54829}.Debug|iPhone.Build.0 = Debug|Any CPU
		{40B1BC49-8BBB-410E-861E-4110A9C54829}.Release|iPhone.ActiveCfg = Release|Any CPU
		{40B1BC49-8BBB-410E-861E-4110A9C54829}.Release|iPhone.Build.0 = Release|Any CPU
		{40B1BC49-8BBB-410E-861E-4110A9C54829}.Ad-Hoc|iPhone.ActiveCfg = Debug|Any CPU
		{40B1BC49-8BBB-410E-861E-4110A9C54829}.Ad-Hoc|iPhone.Build.0 = Debug|Any CPU
		{40B1BC49-8BBB-410E-861E-4110A9C54829}.AppStore|iPhone.ActiveCfg = Debug|Any CPU
		{40B1BC49-8BBB-410E-861E-4110A9C54829}.AppStore|iPhone.Build.0 = Debug|Any CPU
		{549FD25A-F9EA-4806-AD0B-A39B5998DD15}.Debug|Any CPU.ActiveCfg = Debug|Any CPU
		{549FD25A-F9EA-4806-AD0B-A39B5998DD15}.Debug|Any CPU.Build.0 = Debug|Any CPU
		{549FD25A-F9EA-4806-AD0B-A39B5998DD15}.Release|Any CPU.ActiveCfg = Release|Any CPU
		{549FD25A-F9EA-4806-AD0B-A39B5998DD15}.Release|Any CPU.Build.0 = Release|Any CPU
		{549FD25A-F9EA-4806-AD0B-A39B5998DD15}.Debug|iPhoneSimulator.ActiveCfg = Debug|Any CPU
		{549FD25A-F9EA-4806-AD0B-A39B5998DD15}.Debug|iPhoneSimulator.Build.0 = Debug|Any CPU
		{549FD25A-F9EA-4806-AD0B-A39B5998DD15}.Release|iPhoneSimulator.ActiveCfg = Release|Any CPU
		{549FD25A-F9EA-4806-AD0B-A39B5998DD15}.Release|iPhoneSimulator.Build.0 = Release|Any CPU
		{549FD25A-F9EA-4806-AD0B-A39B5998DD15}.Debug|iPhone.ActiveCfg = Debug|Any CPU
		{549FD25A-F9EA-4806-AD0B-A39B5998DD15}.Debug|iPhone.Build.0 = Debug|Any CPU
		{549FD25A-F9EA-4806-AD0B-A39B5998DD15}.Release|iPhone.ActiveCfg = Release|Any CPU
		{549FD25A-F9EA-4806-AD0B-A39B5998DD15}.Release|iPhone.Build.0 = Release|Any CPU
		{549FD25A-F9EA-4806-AD0B-A39B5998DD15}.Ad-Hoc|iPhone.ActiveCfg = Debug|Any CPU
		{549FD25A-F9EA-4806-AD0B-A39B5998DD15}.Ad-Hoc|iPhone.Build.0 = Debug|Any CPU
		{549FD25A-F9EA-4806-AD0B-A39B5998DD15}.AppStore|iPhone.ActiveCfg = Debug|Any CPU
		{549FD25A-F9EA-4806-AD0B-A39B5998DD15}.AppStore|iPhone.Build.0 = Debug|Any CPU
		{BAC16F4A-1100-4BF5-AC0A-65206C908753}.Debug|Any CPU.ActiveCfg = Debug|Any CPU
		{BAC16F4A-1100-4BF5-AC0A-65206C908753}.Debug|Any CPU.Build.0 = Debug|Any CPU
		{BAC16F4A-1100-4BF5-AC0A-65206C908753}.Release|Any CPU.ActiveCfg = Release|Any CPU
		{BAC16F4A-1100-4BF5-AC0A-65206C908753}.Release|Any CPU.Build.0 = Release|Any CPU
		{BAC16F4A-1100-4BF5-AC0A-65206C908753}.Debug|iPhoneSimulator.ActiveCfg = Debug|Any CPU
		{BAC16F4A-1100-4BF5-AC0A-65206C908753}.Debug|iPhoneSimulator.Build.0 = Debug|Any CPU
		{BAC16F4A-1100-4BF5-AC0A-65206C908753}.Release|iPhoneSimulator.ActiveCfg = Release|Any CPU
		{BAC16F4A-1100-4BF5-AC0A-65206C908753}.Release|iPhoneSimulator.Build.0 = Release|Any CPU
		{BAC16F4A-1100-4BF5-AC0A-65206C908753}.Debug|iPhone.ActiveCfg = Debug|Any CPU
		{BAC16F4A-1100-4BF5-AC0A-65206C908753}.Debug|iPhone.Build.0 = Debug|Any CPU
		{BAC16F4A-1100-4BF5-AC0A-65206C908753}.Release|iPhone.ActiveCfg = Release|Any CPU
		{BAC16F4A-1100-4BF5-AC0A-65206C908753}.Release|iPhone.Build.0 = Release|Any CPU
		{BAC16F4A-1100-4BF5-AC0A-65206C908753}.Ad-Hoc|iPhone.ActiveCfg = Release|Any CPU
		{BAC16F4A-1100-4BF5-AC0A-65206C908753}.Ad-Hoc|iPhone.Build.0 = Release|Any CPU
		{BAC16F4A-1100-4BF5-AC0A-65206C908753}.AppStore|iPhone.ActiveCfg = Release|Any CPU
		{BAC16F4A-1100-4BF5-AC0A-65206C908753}.AppStore|iPhone.Build.0 = Release|Any CPU
	EndGlobalSection
EndGlobal
